
Microsoft Visual Studio Solution File, Format Version 12.00
Project("{2150E333-8FDC-42A3-9474-1A3956D46DE8}") = "src", "src", "{DBB71CCE-E9ED-4363-8DE0-91FAA32B1047}"
EndProject
Project("{2150E333-8FDC-42A3-9474-1A3956D46DE8}") = "tests", "tests", "{4F1024A2-F10F-45AB-A91E-089B6F38329D}"
EndProject
Project("{FAE04EC0-301F-11D3-BF4B-00C04F79EFBC}") = "CleanArchitecture.Application", "src\CleanArchitecture.Application\CleanArchitecture.Application.csproj", "{68CDC40A-C7DA-4C3B-A9E3-019037BE89ED}"
EndProject
Project("{FAE04EC0-301F-11D3-BF4B-00C04F79EFBC}") = "CleanArchitecture.Api", "src\CleanArchitecture.Api\CleanArchitecture.Api.csproj", "{C7BC3A83-EA12-43DC-89E9-BE1EF899BA3A}"
EndProject
Project("{FAE04EC0-301F-11D3-BF4B-00C04F79EFBC}") = "CleanArchitecture.Domain", "src\CleanArchitecture.Domain\CleanArchitecture.Domain.csproj", "{48B16FBE-4F44-47DD-BF11-B4D2EF95B9BD}"
EndProject
Project("{FAE04EC0-301F-11D3-BF4B-00C04F79EFBC}") = "CleanArchitecture.Infrastructure", "src\CleanArchitecture.Infrastructure\CleanArchitecture.Infrastructure.csproj", "{BB64AF72-A988-4A53-96FE-0799E9424BBD}"
EndProject
Project("{FAE04EC0-301F-11D3-BF4B-00C04F79EFBC}") = "CleanArchitecture.Test.Common", "tests\CleanArchitecture.Test.Common\CleanArchitecture.Test.Common.csproj", "{7B2B610C-56AF-47DA-B00A-0B1CB58C6D8F}"
EndProject
Project("{FAE04EC0-301F-11D3-BF4B-00C04F79EFBC}") = "CleanArchitecture.Test.Unit", "tests\CleanArchitecture.Test.Unit\CleanArchitecture.Test.Unit.csproj", "{CA6121D1-AC8A-40D1-9EF4-C46665B7DBCF}"
EndProject
Project("{FAE04EC0-301F-11D3-BF4B-00C04F79EFBC}") = "CleanArchitecture.Test.Component", "tests\CleanArchitecture.Test.Component\CleanArchitecture.Test.Component.csproj", "{7810EDEA-28C7-4937-B010-3052A5935432}"
EndProject
Global
	GlobalSection(SolutionConfigurationPlatforms) = preSolution
		Debug|Any CPU = Debug|Any CPU
		Release|Any CPU = Release|Any CPU
	EndGlobalSection
	GlobalSection(ProjectConfigurationPlatforms) = postSolution
		{68CDC40A-C7DA-4C3B-A9E3-019037BE89ED}.Debug|Any CPU.ActiveCfg = Debug|Any CPU
		{68CDC40A-C7DA-4C3B-A9E3-019037BE89ED}.Debug|Any CPU.Build.0 = Debug|Any CPU
		{68CDC40A-C7DA-4C3B-A9E3-019037BE89ED}.Release|Any CPU.ActiveCfg = Release|Any CPU
		{68CDC40A-C7DA-4C3B-A9E3-019037BE89ED}.Release|Any CPU.Build.0 = Release|Any CPU
		{C7BC3A83-EA12-43DC-89E9-BE1EF899BA3A}.Debug|Any CPU.ActiveCfg = Debug|Any CPU
		{C7BC3A83-EA12-43DC-89E9-BE1EF899BA3A}.Debug|Any CPU.Build.0 = Debug|Any CPU
		{C7BC3A83-EA12-43DC-89E9-BE1EF899BA3A}.Release|Any CPU.ActiveCfg = Release|Any CPU
		{C7BC3A83-EA12-43DC-89E9-BE1EF899BA3A}.Release|Any CPU.Build.0 = Release|Any CPU
		{48B16FBE-4F44-47DD-BF11-B4D2EF95B9BD}.Debug|Any CPU.ActiveCfg = Debug|Any CPU
		{48B16FBE-4F44-47DD-BF11-B4D2EF95B9BD}.Debug|Any CPU.Build.0 = Debug|Any CPU
		{48B16FBE-4F44-47DD-BF11-B4D2EF95B9BD}.Release|Any CPU.ActiveCfg = Release|Any CPU
		{48B16FBE-4F44-47DD-BF11-B4D2EF95B9BD}.Release|Any CPU.Build.0 = Release|Any CPU
		{BB64AF72-A988-4A53-96FE-0799E9424BBD}.Debug|Any CPU.ActiveCfg = Debug|Any CPU
		{BB64AF72-A988-4A53-96FE-0799E9424BBD}.Debug|Any CPU.Build.0 = Debug|Any CPU
		{BB64AF72-A988-4A53-96FE-0799E9424BBD}.Release|Any CPU.ActiveCfg = Release|Any CPU
		{BB64AF72-A988-4A53-96FE-0799E9424BBD}.Release|Any CPU.Build.0 = Release|Any CPU
		{7B2B610C-56AF-47DA-B00A-0B1CB58C6D8F}.Debug|Any CPU.ActiveCfg = Debug|Any CPU
		{7B2B610C-56AF-47DA-B00A-0B1CB58C6D8F}.Debug|Any CPU.Build.0 = Debug|Any CPU
		{7B2B610C-56AF-47DA-B00A-0B1CB58C6D8F}.Release|Any CPU.ActiveCfg = Release|Any CPU
		{7B2B610C-56AF-47DA-B00A-0B1CB58C6D8F}.Release|Any CPU.Build.0 = Release|Any CPU
		{CA6121D1-AC8A-40D1-9EF4-C46665B7DBCF}.Debug|Any CPU.ActiveCfg = Debug|Any CPU
		{CA6121D1-AC8A-40D1-9EF4-C46665B7DBCF}.Debug|Any CPU.Build.0 = Debug|Any CPU
		{CA6121D1-AC8A-40D1-9EF4-C46665B7DBCF}.Release|Any CPU.ActiveCfg = Release|Any CPU
		{CA6121D1-AC8A-40D1-9EF4-C46665B7DBCF}.Release|Any CPU.Build.0 = Release|Any CPU
		{7810EDEA-28C7-4937-B010-3052A5935432}.Debug|Any CPU.ActiveCfg = Debug|Any CPU
		{7810EDEA-28C7-4937-B010-3052A5935432}.Debug|Any CPU.Build.0 = Debug|Any CPU
		{7810EDEA-28C7-4937-B010-3052A5935432}.Release|Any CPU.ActiveCfg = Release|Any CPU
		{7810EDEA-28C7-4937-B010-3052A5935432}.Release|Any CPU.Build.0 = Release|Any CPU
	EndGlobalSection
	GlobalSection(NestedProjects) = preSolution
		{68CDC40A-C7DA-4C3B-A9E3-019037BE89ED} = {DBB71CCE-E9ED-4363-8DE0-91FAA32B1047}
		{C7BC3A83-EA12-43DC-89E9-BE1EF899BA3A} = {DBB71CCE-E9ED-4363-8DE0-91FAA32B1047}
		{48B16FBE-4F44-47DD-BF11-B4D2EF95B9BD} = {DBB71CCE-E9ED-4363-8DE0-91FAA32B1047}
		{BB64AF72-A988-4A53-96FE-0799E9424BBD} = {DBB71CCE-E9ED-4363-8DE0-91FAA32B1047}
		{7B2B610C-56AF-47DA-B00A-0B1CB58C6D8F} = {4F1024A2-F10F-45AB-A91E-089B6F38329D}
		{CA6121D1-AC8A-40D1-9EF4-C46665B7DBCF} = {4F1024A2-F10F-45AB-A91E-089B6F38329D}
		{7810EDEA-28C7-4937-B010-3052A5935432} = {4F1024A2-F10F-45AB-A91E-089B6F38329D}
	EndGlobalSection
EndGlobal
